
Microsoft Visual Studio Solution File, Format Version 12.00
# Visual Studio Version 17
VisualStudioVersion = 17.13.35931.197 d17.13
MinimumVisualStudioVersion = 10.0.40219.1
Project("{FAE04EC0-301F-11D3-BF4B-00C04F79EFBC}") = "CP_05", "CP_05\CP_05.csproj", "{AFE05A50-1C3E-4D46-9613-0929F2E9B79E}"
EndProject
Global
	GlobalSection(SolutionConfigurationPlatforms) = preSolution
		Debug|Any CPU = Debug|Any CPU
		Release|Any CPU = Release|Any CPU
	EndGlobalSection
	GlobalSection(ProjectConfigurationPlatforms) = postSolution
		{AFE05A50-1C3E-4D46-9613-0929F2E9B79E}.Debug|Any CPU.ActiveCfg = Debug|Any CPU
		{AFE05A50-1C3E-4D46-9613-0929F2E9B79E}.Debug|Any CPU.Build.0 = Debug|Any CPU
		{AFE05A50-1C3E-4D46-9613-0929F2E9B79E}.Release|Any CPU.ActiveCfg = Release|Any CPU
		{AFE05A50-1C3E-4D46-9613-0929F2E9B79E}.Release|Any CPU.Build.0 = Release|Any CPU
	EndGlobalSection
	GlobalSection(SolutionProperties) = preSolution
		HideSolutionNode = FALSE
	EndGlobalSection
	GlobalSection(ExtensibilityGlobals) = postSolution
		SolutionGuid = {643DC3DC-5C0B-49D0-880B-52C7B61898B2}
	EndGlobalSection
EndGlobal
